// !$*UTF8*$!
{
	archiveVersion = 1;
	classes = {
	};
	objectVersion = 77;
	objects = {

/* Begin PBXContainerItemProxy section */
		D37130B72F921EE5009AC8C1 /* PBXContainerItemProxy */ = {
			isa = PBXContainerItemProxy;
			containerPortal = D371309E2F921ED8009AC8C1 /* Project object */;
			proxyType = 1;
			remoteGlobalIDString = D37130A52F921ED8009AC8C1;
			remoteInfo = FitMaks;
		};
		D37130C12F921EE5009AC8C1 /* PBXContainerItemProxy */ = {
			isa = PBXContainerItemProxy;
			containerPortal = D371309E2F921ED8009AC8C1 /* Project object */;
			proxyType = 1;
			remoteGlobalIDString = D37130A52F921ED8009AC8C1;
			remoteInfo = FitMaks;
		};
/* End PBXContainerItemProxy section */

/* Begin PBXFileReference section */
		D37130A62F921ED8009AC8C1 /* FitMaks.app */ = {isa = PBXFileReference; explicitFileType = wrapper.application; includeInIndex = 0; path = FitMaks.app; sourceTree = BUILT_PRODUCTS_DIR; };
		D37130B62F921EE5009AC8C1 /* FitMaksTests.xctest */ = {isa = PBXFileReference; explicitFileType = wrapper.cfbundle; includeInIndex = 0; path = FitMaksTests.xctest; sourceTree = BUILT_PRODUCTS_DIR; };
		D37130C02F921EE5009AC8C1 /* FitMaksUITests.xctest */ = {isa = PBXFileReference; explicitFileType = wrapper.cfbundle; includeInIndex = 0; path = FitMaksUITests.xctest; sourceTree = BUILT_PRODUCTS_DIR; };
/* End PBXFileReference section */

/* Begin PBXFileSystemSynchronizedBuildFileExceptionSet section */
		D30BCB722F9F9F0500CA2A1A /* Exceptions for "FitMaks" folder in "FitMaks" target */ = {
			isa = PBXFileSystemSynchronizedBuildFileExceptionSet;
			membershipExceptions = (
				Info.plist,
			);
			target = D37130A52F921ED8009AC8C1 /* FitMaks */;
		};
/* End PBXFileSystemSynchronizedBuildFileExceptionSet section */

/* Begin PBXFileSystemSynchronizedRootGroup section */
		D37130A82F921ED8009AC8C1 /* FitMaks */ = {
			isa = PBXFileSystemSynchronizedRootGroup;
			exceptions = (
				D30BCB722F9F9F0500CA2A1A /* Exceptions for "FitMaks" folder in "FitMaks" target */,
			);
			path = FitMaks;
			sourceTree = "<group>";
		};
		D37130B92F921EE5009AC8C1 /* FitMaksTests */ = {
			isa = PBXFileSystemSynchronizedRootGroup;
			path = FitMaksTests;
			sourceTree = "<group>";
		};
		D37130C32F921EE5009AC8C1 /* FitMaksUITests */ = {
			isa = PBXFileSystemSynchronizedRootGroup;
			path = FitMaksUITests;
			sourceTree = "<group>";
		};
/* End PBXFileSystemSynchronizedRootGroup section */

/* Begin PBXFrameworksBuildPhase section */
		D37130A32F921ED8009AC8C1 /* Frameworks */ = {
			isa = PBXFrameworksBuildPhase;
			buildActionMask = 2147483647;
			files = (
			);
			runOnlyForDeploymentPostprocessing = 0;
		};
		D37130B32F921EE5009AC8C1 /* Frameworks */ = {
			isa = PBXFrameworksBuildPhase;
			buildActionMask = 2147483647;
			files = (
			);
			runOnlyForDeploymentPostprocessing = 0;
		};
		D37130BD2F921EE5009AC8C1 /* Frameworks */ = {
			isa = PBXFrameworksBuildPhase;
			buildActionMask = 2147483647;
			files = (
			);
			runOnlyForDeploymentPostprocessing = 0;
		};
/* End PBXFrameworksBuildPhase section */

/* Begin PBXGroup section */
		D371309D2F921ED8009AC8C1 = {
			isa = PBXGroup;
			children = (
				D37130A82F921ED8009AC8C1 /* FitMaks */,
				D37130B92F921EE5009AC8C1 /* FitMaksTests */,
				D37130C32F921EE5009AC8C1 /* FitMaksUITests */,
				D37130A72F921ED8009AC8C1 /* Products */,
			);
			sourceTree = "<group>";
		};
		D37130A72F921ED8009AC8C1 /* Products */ = {
			isa = PBXGroup;
			children = (
				D37130A62F921ED8009AC8C1 /* FitMaks.app */,
				D37130B62F921EE5009AC8C1 /* FitMaksTests.xctest */,
				D37130C02F921EE5009AC8C1 /* FitMaksUITests.xctest */,
			);
			name = Products;
			sourceTree = "<group>";
		};
/* End PBXGroup section */

/* Begin PBXNativeTarget section */
		D37130A52F921ED8009AC8C1 /* FitMaks */ = {
			isa = PBXNativeTarget;
			buildConfigurationList = D37130CA2F921EE5009AC8C1 /* Build configuration list for PBXNativeTarget "FitMaks" */;
			buildPhases = (
				D37130A22F921ED8009AC8C1 /* Sources */,
				D37130A32F921ED8009AC8C1 /* Frameworks */,
				D37130A42F921ED8009AC8C1 /* Resources */,
			);
			buildRules = (
			);
			dependencies = (
			);
			fileSystemSynchronizedGroups = (
				D37130A82F921ED8009AC8C1 /* FitMaks */,
			);
			name = FitMaks;
			packageProductDependencies = (
			);
			productName = FitMaks;
			productReference = D37130A62F921ED8009AC8C1 /* FitMaks.app */;
			productType = "com.apple.product-type.application";
		};
		D37130B52F921EE5009AC8C1 /* FitMaksTests */ = {
			isa = PBXNativeTarget;
			buildConfigurationList = D37130CD2F921EE5009AC8C1 /* Build configuration list for PBXNativeTarget "FitMaksTests" */;
			buildPhases = (
				D37130B22F921EE5009AC8C1 /* Sources */,
				D37130B32F921EE5009AC8C1 /* Frameworks */,
				D37130B42F921EE5009AC8C1 /* Resources */,
			);
			buildRules = (
			);
			dependencies = (
				D37130B82F921EE5009AC8C1 /* PBXTargetDependency */,
			);
			fileSystemSynchronizedGroups = (
				D37130B92F921EE5009AC8C1 /* FitMaksTests */,
			);
			name = FitMaksTests;
			packageProductDependencies = (
			);
			productName = FitMaksTests;
			productReference = D37130B62F921EE5009AC8C1 /* FitMaksTests.xctest */;
			productType = "com.apple.product-type.bundle.unit-test";
		};
		D37130BF2F921EE5009AC8C1 /* FitMaksUITests */ = {
			isa = PBXNativeTarget;
			buildConfigurationList = D37130D02F921EE5009AC8C1 /* Build configuration list for PBXNativeTarget "FitMaksUITests" */;
			buildPhases = (
				D37130BC2F921EE5009AC8C1 /* Sources */,
				D37130BD2F921EE5009AC8C1 /* Frameworks */,
				D37130BE2F921EE5009AC8C1 /* Resources */,
			);
			buildRules = (
			);
			dependencies = (
				D37130C22F921EE5009AC8C1 /* PBXTargetDependency */,
			);
			fileSystemSynchronizedGroups = (
				D37130C32F921EE5009AC8C1 /* FitMaksUITests */,
			);
			name = FitMaksUITests;
			packageProductDependencies = (
			);
			productName = FitMaksUITests;
			productReference = D37130C02F921EE5009AC8C1 /* FitMaksUITests.xctest */;
			productType = "com.apple.product-type.bundle.ui-testing";
		};
/* End PBXNativeTarget section */

/* Begin PBXProject section */
		D371309E2F921ED8009AC8C1 /* Project object */ = {
			isa = PBXProject;
			attributes = {
				BuildIndependentTargetsInParallel = 1;
				LastSwiftUpdateCheck = 1620;
				LastUpgradeCheck = 1620;
				TargetAttributes = {
					D37130A52F921ED8009AC8C1 = {
						CreatedOnToolsVersion = 16.2;
					};
					D37130B52F921EE5009AC8C1 = {
						CreatedOnToolsVersion = 16.2;
						TestTargetID = D37130A52F921ED8009AC8C1;
					};
					D37130BF2F921EE5009AC8C1 = {
						CreatedOnToolsVersion = 16.2;
						TestTargetID = D37130A52F921ED8009AC8C1;
					};
				};
			};
			buildConfigurationList = D37130A12F921ED8009AC8C1 /* Build configuration list for PBXProject "FitMaks" */;
			developmentRegion = en;
			hasScannedForEncodings = 0;
			knownRegions = (
				en,
				Base,
			);
			mainGroup = D371309D2F921ED8009AC8C1;
			minimizedProjectReferenceProxies = 1;
			preferredProjectObjectVersion = 77;
			productRefGroup = D37130A72F921ED8009AC8C1 /* Products */;
			projectDirPath = "";
			projectRoot = "";
			targets = (
				D37130A52F921ED8009AC8C1 /* FitMaks */,
				D37130B52F921EE5009AC8C1 /* FitMaksTests */,
				D37130BF2F921EE5009AC8C1 /* FitMaksUITests */,
			);
		};
/* End PBXProject section */

/* Begin PBXResourcesBuildPhase section */
		D37130A42F921ED8009AC8C1 /* Resources */ = {
			isa = PBXResourcesBuildPhase;
			buildActionMask = 2147483647;
			files = (
			);
			runOnlyForDeploymentPostprocessing = 0;
		};
		D37130B42F921EE5009AC8C1 /* Resources */ = {
			isa = PBXResourcesBuildPhase;
			buildActionMask = 2147483647;
			files = (
			);
			runOnlyForDeploymentPostprocessing = 0;
		};
		D37130BE2F921EE5009AC8C1 /* Resources */ = {
			isa = PBXResourcesBuildPhase;
			buildActionMask = 2147483647;
			files = (
			);
			runOnlyForDeploymentPostprocessing = 0;
		};
/* End PBXResourcesBuildPhase section */

/* Begin PBXSourcesBuildPhase section */
		D37130A22F921ED8009AC8C1 /* Sources */ = {
			isa = PBXSourcesBuildPhase;
			buildActionMask = 2147483647;
			files = (
			);
			runOnlyForDeploymentPostprocessing = 0;
		};
		D37130B22F921EE5009AC8C1 /* Sources */ = {
			isa = PBXSourcesBuildPhase;
			buildActionMask = 2147483647;
			files = (
			);
			runOnlyForDeploymentPostprocessing = 0;
		};
		D37130BC2F921EE5009AC8C1 /* Sources */ = {
			isa = PBXSourcesBuildPhase;
			buildActionMask = 2147483647;
			files = (
			);
			runOnlyForDeploymentPostprocessing = 0;
		};
/* End PBXSourcesBuildPhase section */

/* Begin PBXTargetDependency section */
		D37130B82F921EE5009AC8C1 /* PBXTargetDependency */ = {
			isa = PBXTargetDependency;
			target = D37130A52F921ED8009AC8C1 /* FitMaks */;
			targetProxy = D37130B72F921EE5009AC8C1 /* PBXContainerItemProxy */;
		};
		D37130C22F921EE5009AC8C1 /* PBXTargetDependency */ = {
			isa = PBXTargetDependency;
			target = D37130A52F921ED8009AC8C1 /* FitMaks */;
			targetProxy = D37130C12F921EE5009AC8C1 /* PBXContainerItemProxy */;
		};
/* End PBXTargetDependency section */

/* Begin XCBuildConfiguration section */
		D37130C82F921EE5009AC8C1 /* Debug */ = {
			isa = XCBuildConfiguration;
			buildSettings = {
				ALWAYS_SEARCH_USER_PATHS = NO;
				ASSETCATALOG_COMPILER_GENERATE_SWIFT_ASSET_SYMBOL_EXTENSIONS = YES;
				CLANG_ANALYZER_NONNULL = YES;
				CLANG_ANALYZER_NUMBER_OBJECT_CONVERSION = YES_AGGRESSIVE;
				CLANG_CXX_LANGUAGE_STANDARD = "gnu++20";
				CLANG_ENABLE_MODULES = YES;
				CLANG_ENABLE_OBJC_ARC = YES;
				CLANG_ENABLE_OBJC_WEAK = YES;
				CLANG_WARN_BLOCK_CAPTURE_AUTORELEASING = YES;
				CLANG_WARN_BOOL_CONVERSION = YES;
				CLANG_WARN_COMMA = YES;
				CLANG_WARN_CONSTANT_CONVERSION = YES;
				CLANG_WARN_DEPRECATED_OBJC_IMPLEMENTATIONS = YES;
				CLANG_WARN_DIRECT_OBJC_ISA_USAGE = YES_ERROR;
				CLANG_WARN_DOCUMENTATION_COMMENTS = YES;
				CLANG_WARN_EMPTY_BODY = YES;
				CLANG_WARN_ENUM_CONVERSION = YES;
				CLANG_WARN_INFINITE_RECURSION = YES;
				CLANG_WARN_INT_CONVERSION = YES;
				CLANG_WARN_NON_LITERAL_NULL_CONVERSION = YES;
				CLANG_WARN_OBJC_IMPLICIT_RETAIN_SELF = YES;
				CLANG_WARN_OBJC_LITERAL_CONVERSION = YES;
				CLANG_WARN_OBJC_ROOT_CLASS = YES_ERROR;
				CLANG_WARN_QUOTED_INCLUDE_IN_FRAMEWORK_HEADER = YES;
				CLANG_WARN_RANGE_LOOP_ANALYSIS = YES;
				CLANG_WARN_STRICT_PROTOTYPES = YES;
				CLANG_WARN_SUSPICIOUS_MOVE = YES;
				CLANG_WARN_UNGUARDED_AVAILABILITY = YES_AGGRESSIVE;
				CLANG_WARN_UNREACHABLE_CODE = YES;
				CLANG_WARN__DUPLICATE_METHOD_MATCH = YES;
				COPY_PHASE_STRIP = NO;
				DEBUG_INFORMATION_FORMAT = dwarf;
				ENABLE_STRICT_OBJC_MSGSEND = YES;
				ENABLE_TESTABILITY = YES;
				ENABLE_USER_SCRIPT_SANDBOXING = YES;
				GCC_C_LANGUAGE_STANDARD = gnu17;
				GCC_DYNAMIC_NO_PIC = NO;
				GCC_NO_COMMON_BLOCKS = YES;
				GCC_OPTIMIZATION_LEVEL = 0;
				GCC_PREPROCESSOR_DEFINITIONS = (
					"DEBUG=1",
					"$(inherited)",
				);
				GCC_WARN_64_TO_32_BIT_CONVERSION = YES;
				GCC_WARN_ABOUT_RETURN_TYPE = YES_ERROR;
				GCC_WARN_UNDECLARED_SELECTOR = YES;
				GCC_WARN_UNINITIALIZED_AUTOS = YES_AGGRESSIVE;
				GCC_WARN_UNUSED_FUNCTION = YES;
				GCC_WARN_UNUSED_VARIABLE = YES;
				IPHONEOS_DEPLOYMENT_TARGET = 18.2;
				LOCALIZATION_PREFERS_STRING_CATALOGS = YES;
				MTL_ENABLE_DEBUG_INFO = INCLUDE_SOURCE;
				MTL_FAST_MATH = YES;
				ONLY_ACTIVE_ARCH = YES;
				SDKROOT = iphoneos;
				SWIFT_ACTIVE_COMPILATION_CONDITIONS = "DEBUG $(inherited)";
				SWIFT_OPTIMIZATION_LEVEL = "-Onone";
			};
			name = Debug;
		};
		D37130C92F921EE5009AC8C1 /* Release */ = {
			isa = XCBuildConfiguration;
			buildSettings = {
				ALWAYS_SEARCH_USER_PATHS = NO;
				ASSETCATALOG_COMPILER_GENERATE_SWIFT_ASSET_SYMBOL_EXTENSIONS = YES;
				CLANG_ANALYZER_NONNULL = YES;
				CLANG_ANALYZER_NUMBER_OBJECT_CONVERSION = YES_AGGRESSIVE;
				CLANG_CXX_LANGUAGE_STANDARD = "gnu++20";
				CLANG_ENABLE_MODULES = YES;
				CLANG_ENABLE_OBJC_ARC = YES;
				CLANG_ENABLE_OBJC_WEAK = YES;
				CLANG_WARN_BLOCK_CAPTURE_AUTORELEASING = YES;
				CLANG_WARN_BOOL_CONVERSION = YES;
				CLANG_WARN_COMMA = YES;
				CLANG_WARN_CONSTANT_CONVERSION = YES;
				CLANG_WARN_DEPRECATED_OBJC_IMPLEMENTATIONS = YES;
				CLANG_WARN_DIRECT_OBJC_ISA_USAGE = YES_ERROR;
				CLANG_WARN_DOCUMENTATION_COMMENTS = YES;
				CLANG_WARN_EMPTY_BODY = YES;
				CLANG_WARN_ENUM_CONVERSION = YES;
				CLANG_WARN_INFINITE_RECURSION = YES;
				CLANG_WARN_INT_CONVERSION = YES;
				CLANG_WARN_NON_LITERAL_NULL_CONVERSION = YES;
				CLANG_WARN_OBJC_IMPLICIT_RETAIN_SELF = YES;
				CLANG_WARN_OBJC_LITERAL_CONVERSION = YES;
				CLANG_WARN_OBJC_ROOT_CLASS = YES_ERROR;
				CLANG_WARN_QUOTED_INCLUDE_IN_FRAMEWORK_HEADER = YES;
				CLANG_WARN_RANGE_LOOP_ANALYSIS = YES;
				CLANG_WARN_STRICT_PROTOTYPES = YES;
				CLANG_WARN_SUSPICIOUS_MOVE = YES;
				CLANG_WARN_UNGUARDED_AVAILABILITY = YES_AGGRESSIVE;
				CLANG_WARN_UNREACHABLE_CODE = YES;
				CLANG_WARN__DUPLICATE_METHOD_MATCH = YES;
				COPY_PHASE_STRIP = NO;
				DEBUG_INFORMATION_FORMAT = "dwarf-with-dsym";
				ENABLE_NS_ASSERTIONS = NO;
				ENABLE_STRICT_OBJC_MSGSEND = YES;
				ENABLE_USER_SCRIPT_SANDBOXING = YES;
				GCC_C_LANGUAGE_STANDARD = gnu17;
				GCC_NO_COMMON_BLOCKS = YES;
				GCC_WARN_64_TO_32_BIT_CONVERSION = YES;
				GCC_WARN_ABOUT_RETURN_TYPE = YES_ERROR;
				GCC_WARN_UNDECLARED_SELECTOR = YES;
				GCC_WARN_UNINITIALIZED_AUTOS = YES_AGGRESSIVE;
				GCC_WARN_UNUSED_FUNCTION = YES;
				GCC_WARN_UNUSED_VARIABLE = YES;
				IPHONEOS_DEPLOYMENT_TARGET = 18.2;
				LOCALIZATION_PREFERS_STRING_CATALOGS = YES;
				MTL_ENABLE_DEBUG_INFO = NO;
				MTL_FAST_MATH = YES;
				SDKROOT = iphoneos;
				SWIFT_COMPILATION_MODE = wholemodule;
				VALIDATE_PRODUCT = YES;
			};
			name = Release;
		};
		D37130CB2F921EE5009AC8C1 /* Debug */ = {
			isa = XCBuildConfiguration;
			buildSettings = {
				ASSETCATALOG_COMPILER_APPICON_NAME = AppIcon;
				ASSETCATALOG_COMPILER_GLOBAL_ACCENT_COLOR_NAME = AccentColor;
				CODE_SIGN_ENTITLEMENTS = FitMaks/FitMaks.entitlements;
				CODE_SIGN_STYLE = Automatic;
				CURRENT_PROJECT_VERSION = 3;
				DEVELOPMENT_ASSET_PATHS = "\"FitMaks/Preview Content\"";
				DEVELOPMENT_TEAM = XXZ3AW4NKT;
				ENABLE_PREVIEWS = YES;
				GENERATE_INFOPLIST_FILE = YES;
				INFOPLIST_FILE = FitMaks/Info.plist;
				INFOPLIST_KEY_ITSAppUsesNonExemptEncryption = NO;
				INFOPLIST_KEY_NSCameraUsageDescription = "FitMaks uses the camera to scan meals, labels, receipts, workouts, and scale readings.";
				INFOPLIST_KEY_NSHealthShareUsageDescription = "FitMaks reads Health data for steps, weight, and body metrics when you allow it.";
				INFOPLIST_KEY_NSHealthUpdateUsageDescription = "FitMaks may request permission to update Health data if you enable Health write features.";
				INFOPLIST_KEY_NSPhotoLibraryUsageDescription = "FitMaks lets you choose meal, label, receipt, workout, and scale screenshots for AI analysis.";
				INFOPLIST_KEY_NSPrincipalClass = "";
				INFOPLIST_KEY_UIApplicationSceneManifest_Generation = YES;
				INFOPLIST_KEY_UIApplicationSupportsIndirectInputEvents = YES;
				INFOPLIST_KEY_UILaunchStoryboardName = LaunchScreen;
				INFOPLIST_KEY_UIRequiresFullScreen = YES;
				INFOPLIST_KEY_UISupportedInterfaceOrientations_iPad = UIInterfaceOrientationPortrait;
				INFOPLIST_KEY_UISupportedInterfaceOrientations_iPhone = UIInterfaceOrientationPortrait;
				IPHONEOS_DEPLOYMENT_TARGET = 18.0;
				LD_RUNPATH_SEARCH_PATHS = (
					"$(inherited)",
					"@executable_path/Frameworks",
				);
				MARKETING_VERSION = 1.0;
				PRODUCT_BUNDLE_IDENTIFIER = MaksTim.FitMaks;
				PRODUCT_NAME = "$(TARGET_NAME)";
				SWIFT_EMIT_LOC_STRINGS = YES;
				SWIFT_VERSION = 5.0;
				TARGETED_DEVICE_FAMILY = "1,2";
			};
			name = Debug;
		};
		D37130CC2F921EE5009AC8C1 /* Release */ = {
			isa = XCBuildConfiguration;
			buildSettings = {
				ASSETCATALOG_COMPILER_APPICON_NAME = AppIcon;
				ASSETCATALOG_COMPILER_GLOBAL_ACCENT_COLOR_NAME = AccentColor;
				CODE_SIGN_ENTITLEMENTS = FitMaks/FitMaks.entitlements;
				CODE_SIGN_STYLE = Automatic;
				CURRENT_PROJECT_VERSION = 3;
				DEVELOPMENT_ASSET_PATHS = "\"FitMaks/Preview Content\"";
				DEVELOPMENT_TEAM = XXZ3AW4NKT;
				ENABLE_PREVIEWS = YES;
				GENERATE_INFOPLIST_FILE = YES;
				INFOPLIST_FILE = FitMaks/Info.plist;
				INFOPLIST_KEY_ITSAppUsesNonExemptEncryption = NO;
				INFOPLIST_KEY_NSCameraUsageDescription = "FitMaks uses the camera to scan meals, labels, receipts, workouts, and scale readings.";
				INFOPLIST_KEY_NSHealthShareUsageDescription = "FitMaks reads Health data for steps, weight, and body metrics when you allow it.";
				INFOPLIST_KEY_NSHealthUpdateUsageDescription = "FitMaks may request permission to update Health data if you enable Health write features.";
				INFOPLIST_KEY_NSPhotoLibraryUsageDescription = "FitMaks lets you choose meal, label, receipt, workout, and scale screenshots for AI analysis.";
				INFOPLIST_KEY_NSPrincipalClass = "";
				INFOPLIST_KEY_UIApplicationSceneManifest_Generation = YES;
				INFOPLIST_KEY_UIApplicationSupportsIndirectInputEvents = YES;
				INFOPLIST_KEY_UILaunchStoryboardName = LaunchScreen;
				INFOPLIST_KEY_UIRequiresFullScreen = YES;
				INFOPLIST_KEY_UISupportedInterfaceOrientations_iPad = UIInterfaceOrientationPortrait;
				INFOPLIST_KEY_UISupportedInterfaceOrientations_iPhone = UIInterfaceOrientationPortrait;
				IPHONEOS_DEPLOYMENT_TARGET = 18.0;
				LD_RUNPATH_SEARCH_PATHS = (
					"$(inherited)",
					"@executable_path/Frameworks",
				);
				MARKETING_VERSION = 1.0;
				PRODUCT_BUNDLE_IDENTIFIER = MaksTim.FitMaks;
				PRODUCT_NAME = "$(TARGET_NAME)";
				SWIFT_EMIT_LOC_STRINGS = YES;
				SWIFT_VERSION = 5.0;
				TARGETED_DEVICE_FAMILY = "1,2";
			};
			name = Release;
		};
		D37130CE2F921EE5009AC8C1 /* Debug */ = {
			isa = XCBuildConfiguration;
			buildSettings = {
				BUNDLE_LOADER = "$(TEST_HOST)";
				CODE_SIGN_STYLE = Automatic;
				CURRENT_PROJECT_VERSION = 1;
				GENERATE_INFOPLIST_FILE = YES;
				IPHONEOS_DEPLOYMENT_TARGET = 18.2;
				MARKETING_VERSION = 1.0;
				PRODUCT_BUNDLE_IDENTIFIER = MaksTim.FitMaksTests;
				PRODUCT_NAME = "$(TARGET_NAME)";
				SWIFT_EMIT_LOC_STRINGS = NO;
				SWIFT_VERSION = 5.0;
				TARGETED_DEVICE_FAMILY = "1,2";
				TEST_HOST = "$(BUILT_PRODUCTS_DIR)/FitMaks.app/$(BUNDLE_EXECUTABLE_FOLDER_PATH)/FitMaks";
			};
			name = Debug;
		};
		D37130CF2F921EE5009AC8C1 /* Release */ = {
			isa = XCBuildConfiguration;
			buildSettings = {
				BUNDLE_LOADER = "$(TEST_HOST)";
				CODE_SIGN_STYLE = Automatic;
				CURRENT_PROJECT_VERSION = 1;
				GENERATE_INFOPLIST_FILE = YES;
				IPHONEOS_DEPLOYMENT_TARGET = 18.2;
				MARKETING_VERSION = 1.0;
				PRODUCT_BUNDLE_IDENTIFIER = MaksTim.FitMaksTests;
				PRODUCT_NAME = "$(TARGET_NAME)";
				SWIFT_EMIT_LOC_STRINGS = NO;
				SWIFT_VERSION = 5.0;
				TARGETED_DEVICE_FAMILY = "1,2";
				TEST_HOST = "$(BUILT_PRODUCTS_DIR)/FitMaks.app/$(BUNDLE_EXECUTABLE_FOLDER_PATH)/FitMaks";
			};
			name = Release;
		};
		D37130D12F921EE5009AC8C1 /* Debug */ = {
			isa = XCBuildConfiguration;
			buildSettings = {
				CODE_SIGN_STYLE = Automatic;
				CURRENT_PROJECT_VERSION = 1;
				GENERATE_INFOPLIST_FILE = YES;
				MARKETING_VERSION = 1.0;
				PRODUCT_BUNDLE_IDENTIFIER = MaksTim.FitMaksUITests;
				PRODUCT_NAME = "$(TARGET_NAME)";
				SWIFT_EMIT_LOC_STRINGS = NO;
				SWIFT_VERSION = 5.0;
				TARGETED_DEVICE_FAMILY = "1,2";
				TEST_TARGET_NAME = FitMaks;
			};
			name = Debug;
		};
		D37130D22F921EE5009AC8C1 /* Release */ = {
			isa = XCBuildConfiguration;
			buildSettings = {
				CODE_SIGN_STYLE = Automatic;
				CURRENT_PROJECT_VERSION = 1;
				GENERATE_INFOPLIST_FILE = YES;
				MARKETING_VERSION = 1.0;
				PRODUCT_BUNDLE_IDENTIFIER = MaksTim.FitMaksUITests;
				PRODUCT_NAME = "$(TARGET_NAME)";
				SWIFT_EMIT_LOC_STRINGS = NO;
				SWIFT_VERSION = 5.0;
				TARGETED_DEVICE_FAMILY = "1,2";
				TEST_TARGET_NAME = FitMaks;
			};
			name = Release;
		};
/* End XCBuildConfiguration section */

/* Begin XCConfigurationList section */
		D37130A12F921ED8009AC8C1 /* Build configuration list for PBXProject "FitMaks" */ = {
			isa = XCConfigurationList;
			buildConfigurations = (
				D37130C82F921EE5009AC8C1 /* Debug */,
				D37130C92F921EE5009AC8C1 /* Release */,
			);
			defaultConfigurationIsVisible = 0;
			defaultConfigurationName = Release;
		};
		D37130CA2F921EE5009AC8C1 /* Build configuration list for PBXNativeTarget "FitMaks" */ = {
			isa = XCConfigurationList;
			buildConfigurations = (
				D37130CB2F921EE5009AC8C1 /* Debug */,
				D37130CC2F921EE5009AC8C1 /* Release */,
			);
			defaultConfigurationIsVisible = 0;
			defaultConfigurationName = Release;
		};
		D37130CD2F921EE5009AC8C1 /* Build configuration list for PBXNativeTarget "FitMaksTests" */ = {
			isa = XCConfigurationList;
			buildConfigurations = (
				D37130CE2F921EE5009AC8C1 /* Debug */,
				D37130CF2F921EE5009AC8C1 /* Release */,
			);
			defaultConfigurationIsVisible = 0;
			defaultConfigurationName = Release;
		};
		D37130D02F921EE5009AC8C1 /* Build configuration list for PBXNativeTarget "FitMaksUITests" */ = {
			isa = XCConfigurationList;
			buildConfigurations = (
				D37130D12F921EE5009AC8C1 /* Debug */,
				D37130D22F921EE5009AC8C1 /* Release */,
			);
			defaultConfigurationIsVisible = 0;
			defaultConfigurationName = Release;
		};
/* End XCConfigurationList section */
	};
	rootObject = D371309E2F921ED8009AC8C1 /* Project object */;
}
